
Microsoft Visual Studio Solution File, Format Version 12.00
# Visual Studio Version 17
VisualStudioVersion = 17.4.33122.133
MinimumVisualStudioVersion = 10.0.40219.1
Project("{9A19103F-16F7-4668-BE54-9A1E7A4F7556}") = "FileTransfer.Api", "FileTransfer.Api\FileTransfer.Api.csproj", "{0510EAD4-CC5C-42F1-AE05-7FE6F91F6A47}"
EndProject
Project("{9A19103F-16F7-4668-BE54-9A1E7A4F7556}") = "FileTransfer.Models", "FileTransfer.Models\FileTransfer.Models.csproj", "{3C1940A7-4855-4005-A447-0C8610A0D7C1}"
EndProject
Project("{9A19103F-16F7-4668-BE54-9A1E7A4F7556}") = "FileTransfer.Web", "FileTransfer.Web\FileTransfer.Web.csproj", "{7EC06C16-FF3A-499C-BC90-5A310E3C5CE6}"
EndProject
Project("{2150E333-8FDC-42A3-9474-1A3956D46DE8}") = "Solution Items", "Solution Items", "{222F20CE-697B-4AC4-8756-C4C250094B9D}"
	ProjectSection(SolutionItems) = preProject
		.gitignore = .gitignore
		FileTransfer.UseCases.drawio.svg = FileTransfer.UseCases.drawio.svg
		README.md = README.md
	EndProjectSection
EndProject
Global
	GlobalSection(SolutionConfigurationPlatforms) = preSolution
		Debug|Any CPU = Debug|Any CPU
		Release|Any CPU = Release|Any CPU
	EndGlobalSection
	GlobalSection(ProjectConfigurationPlatforms) = postSolution
		{0510EAD4-CC5C-42F1-AE05-7FE6F91F6A47}.Debug|Any CPU.ActiveCfg = Debug|Any CPU
		{0510EAD4-CC5C-42F1-AE05-7FE6F91F6A47}.Debug|Any CPU.Build.0 = Debug|Any CPU
		{0510EAD4-CC5C-42F1-AE05-7FE6F91F6A47}.Release|Any CPU.ActiveCfg = Release|Any CPU
		{0510EAD4-CC5C-42F1-AE05-7FE6F91F6A47}.Release|Any CPU.Build.0 = Release|Any CPU
		{3C1940A7-4855-4005-A447-0C8610A0D7C1}.Debug|Any CPU.ActiveCfg = Debug|Any CPU
		{3C1940A7-4855-4005-A447-0C8610A0D7C1}.Debug|Any CPU.Build.0 = Debug|Any CPU
		{3C1940A7-4855-4005-A447-0C8610A0D7C1}.Release|Any CPU.ActiveCfg = Release|Any CPU
		{3C1940A7-4855-4005-A447-0C8610A0D7C1}.Release|Any CPU.Build.0 = Release|Any CPU
		{7EC06C16-FF3A-499C-BC90-5A310E3C5CE6}.Debug|Any CPU.ActiveCfg = Debug|Any CPU
		{7EC06C16-FF3A-499C-BC90-5A310E3C5CE6}.Debug|Any CPU.Build.0 = Debug|Any CPU
		{7EC06C16-FF3A-499C-BC90-5A310E3C5CE6}.Release|Any CPU.ActiveCfg = Release|Any CPU
		{7EC06C16-FF3A-499C-BC90-5A310E3C5CE6}.Release|Any CPU.Build.0 = Release|Any CPU
	EndGlobalSection
	GlobalSection(SolutionProperties) = preSolution
		HideSolutionNode = FALSE
	EndGlobalSection
	GlobalSection(ExtensibilityGlobals) = postSolution
		SolutionGuid = {0D82AF65-A9F7-417A-8594-613C407A5E4C}
	EndGlobalSection
EndGlobal
